// !$*UTF8*$!
{
	archiveVersion = 1;
	classes = {
	};
	objectVersion = 46;
	objects = {

/* Begin PBXBuildFile section */
		B174DD5C1D17BCD3001FF881 /* main.cpp in Sources */ = {isa = PBXBuildFile; fileRef = B174DD5B1D17BCD3001FF881 /* main.cpp */; };
		B174DD631D17BCE0001FF881 /* SDL2.framework in Frameworks */ = {isa = PBXBuildFile; fileRef = B174DD621D17BCE0001FF881 /* SDL2.framework */; };
		B174DD691D17BD23001FF881 /* game.cpp in Sources */ = {isa = PBXBuildFile; fileRef = B174DD671D17BD23001FF881 /* game.cpp */; };
		B174DD6C1D17BD28001FF881 /* graphics.cpp in Sources */ = {isa = PBXBuildFile; fileRef = B174DD6A1D17BD28001FF881 /* graphics.cpp */; };
		B174DD6F1D17BD2C001FF881 /* input.cpp in Sources */ = {isa = PBXBuildFile; fileRef = B174DD6D1D17BD2C001FF881 /* input.cpp */; };
		B174DD721D17CB9B001FF881 /* globals.cpp in Sources */ = {isa = PBXBuildFile; fileRef = B174DD701D17CB9B001FF881 /* globals.cpp */; };
		B174DD781D17CE51001FF881 /* sprite.cpp in Sources */ = {isa = PBXBuildFile; fileRef = B174DD761D17CE51001FF881 /* sprite.cpp */; };
		B174DD7A1D183AA4001FF881 /* OpenGL.framework in Frameworks */ = {isa = PBXBuildFile; fileRef = B174DD791D183AA4001FF881 /* OpenGL.framework */; };
/* End PBXBuildFile section */

/* Begin PBXCopyFilesBuildPhase section */
		B174DD561D17BCD3001FF881 /* CopyFiles */ = {
			isa = PBXCopyFilesBuildPhase;
			buildActionMask = 2147483647;
			dstPath = /usr/share/man/man1/;
			dstSubfolderSpec = 0;
			files = (
			);
			runOnlyForDeploymentPostprocessing = 1;
		};
/* End PBXCopyFilesBuildPhase section */

/* Begin PBXFileReference section */
		B174DD581D17BCD3001FF881 /* Tinker2D */ = {isa = PBXFileReference; explicitFileType = "compiled.mach-o.executable"; includeInIndex = 0; path = Tinker2D; sourceTree = BUILT_PRODUCTS_DIR; };
		B174DD5B1D17BCD3001FF881 /* main.cpp */ = {isa = PBXFileReference; lastKnownFileType = sourcecode.cpp.cpp; path = main.cpp; sourceTree = "<group>"; };
		B174DD621D17BCE0001FF881 /* SDL2.framework */ = {isa = PBXFileReference; lastKnownFileType = wrapper.framework; name = SDL2.framework; path = ../../Library/Frameworks/SDL2.framework; sourceTree = "<group>"; };
		B174DD671D17BD23001FF881 /* game.cpp */ = {isa = PBXFileReference; fileEncoding = 4; lastKnownFileType = sourcecode.cpp.cpp; path = game.cpp; sourceTree = "<group>"; };
		B174DD681D17BD23001FF881 /* game.hpp */ = {isa = PBXFileReference; fileEncoding = 4; lastKnownFileType = sourcecode.cpp.h; path = game.hpp; sourceTree = "<group>"; };
		B174DD6A1D17BD28001FF881 /* graphics.cpp */ = {isa = PBXFileReference; fileEncoding = 4; lastKnownFileType = sourcecode.cpp.cpp; path = graphics.cpp; sourceTree = "<group>"; };
		B174DD6B1D17BD28001FF881 /* graphics.hpp */ = {isa = PBXFileReference; fileEncoding = 4; lastKnownFileType = sourcecode.cpp.h; path = graphics.hpp; sourceTree = "<group>"; };
		B174DD6D1D17BD2C001FF881 /* input.cpp */ = {isa = PBXFileReference; fileEncoding = 4; lastKnownFileType = sourcecode.cpp.cpp; path = input.cpp; sourceTree = "<group>"; };
		B174DD6E1D17BD2C001FF881 /* input.hpp */ = {isa = PBXFileReference; fileEncoding = 4; lastKnownFileType = sourcecode.cpp.h; path = input.hpp; sourceTree = "<group>"; };
		B174DD701D17CB9B001FF881 /* globals.cpp */ = {isa = PBXFileReference; fileEncoding = 4; lastKnownFileType = sourcecode.cpp.cpp; path = globals.cpp; sourceTree = "<group>"; };
		B174DD711D17CB9B001FF881 /* globals.hpp */ = {isa = PBXFileReference; fileEncoding = 4; lastKnownFileType = sourcecode.cpp.h; path = globals.hpp; sourceTree = "<group>"; };
		B174DD761D17CE51001FF881 /* sprite.cpp */ = {isa = PBXFileReference; fileEncoding = 4; lastKnownFileType = sourcecode.cpp.cpp; path = sprite.cpp; sourceTree = "<group>"; };
		B174DD771D17CE51001FF881 /* sprite.hpp */ = {isa = PBXFileReference; fileEncoding = 4; lastKnownFileType = sourcecode.cpp.h; path = sprite.hpp; sourceTree = "<group>"; };
		B174DD791D183AA4001FF881 /* OpenGL.framework */ = {isa = PBXFileReference; lastKnownFileType = wrapper.framework; name = OpenGL.framework; path = System/Library/Frameworks/OpenGL.framework; sourceTree = SDKROOT; };
/* End PBXFileReference section */

/* Begin PBXFrameworksBuildPhase section */
		B174DD551D17BCD3001FF881 /* Frameworks */ = {
			isa = PBXFrameworksBuildPhase;
			buildActionMask = 2147483647;
			files = (
				B174DD7A1D183AA4001FF881 /* OpenGL.framework in Frameworks */,
				B174DD631D17BCE0001FF881 /* SDL2.framework in Frameworks */,
			);
			runOnlyForDeploymentPostprocessing = 0;
		};
/* End PBXFrameworksBuildPhase section */

/* Begin PBXGroup section */
		B174DD4F1D17BCD3001FF881 = {
			isa = PBXGroup;
			children = (
				B174DD791D183AA4001FF881 /* OpenGL.framework */,
				B174DD621D17BCE0001FF881 /* SDL2.framework */,
				B174DD5A1D17BCD3001FF881 /* Tinker2D */,
				B174DD591D17BCD3001FF881 /* Products */,
			);
			sourceTree = "<group>";
		};
		B174DD591D17BCD3001FF881 /* Products */ = {
			isa = PBXGroup;
			children = (
				B174DD581D17BCD3001FF881 /* Tinker2D */,
			);
			name = Products;
			sourceTree = "<group>";
		};
		B174DD5A1D17BCD3001FF881 /* Tinker2D */ = {
			isa = PBXGroup;
			children = (
				B174DD671D17BD23001FF881 /* game.cpp */,
				B174DD681D17BD23001FF881 /* game.hpp */,
				B174DD701D17CB9B001FF881 /* globals.cpp */,
				B174DD711D17CB9B001FF881 /* globals.hpp */,
				B174DD6A1D17BD28001FF881 /* graphics.cpp */,
				B174DD6B1D17BD28001FF881 /* graphics.hpp */,
				B174DD6D1D17BD2C001FF881 /* input.cpp */,
				B174DD6E1D17BD2C001FF881 /* input.hpp */,
				B174DD5B1D17BCD3001FF881 /* main.cpp */,
				B174DD761D17CE51001FF881 /* sprite.cpp */,
				B174DD771D17CE51001FF881 /* sprite.hpp */,
			);
			path = Tinker2D;
			sourceTree = "<group>";
		};
/* End PBXGroup section */

/* Begin PBXNativeTarget section */
		B174DD571D17BCD3001FF881 /* Tinker2D */ = {
			isa = PBXNativeTarget;
			buildConfigurationList = B174DD5F1D17BCD3001FF881 /* Build configuration list for PBXNativeTarget "Tinker2D" */;
			buildPhases = (
				B174DD541D17BCD3001FF881 /* Sources */,
				B174DD551D17BCD3001FF881 /* Frameworks */,
				B174DD561D17BCD3001FF881 /* CopyFiles */,
			);
			buildRules = (
			);
			dependencies = (
			);
			name = Tinker2D;
			productName = Tinker2D;
			productReference = B174DD581D17BCD3001FF881 /* Tinker2D */;
			productType = "com.apple.product-type.tool";
		};
/* End PBXNativeTarget section */

/* Begin PBXProject section */
		B174DD501D17BCD3001FF881 /* Project object */ = {
			isa = PBXProject;
			attributes = {
				LastUpgradeCheck = 0730;
				TargetAttributes = {
					B174DD571D17BCD3001FF881 = {
						CreatedOnToolsVersion = 7.3.1;
					};
				};
			};
			buildConfigurationList = B174DD531D17BCD3001FF881 /* Build configuration list for PBXProject "Tinker2D" */;
			compatibilityVersion = "Xcode 3.2";
			developmentRegion = English;
			hasScannedForEncodings = 0;
			knownRegions = (
				en,
			);
			mainGroup = B174DD4F1D17BCD3001FF881;
			productRefGroup = B174DD591D17BCD3001FF881 /* Products */;
			projectDirPath = "";
			projectRoot = "";
			targets = (
				B174DD571D17BCD3001FF881 /* Tinker2D */,
			);
		};
/* End PBXProject section */

/* Begin PBXSourcesBuildPhase section */
		B174DD541D17BCD3001FF881 /* Sources */ = {
			isa = PBXSourcesBuildPhase;
			buildActionMask = 2147483647;
			files = (
				B174DD5C1D17BCD3001FF881 /* main.cpp in Sources */,
				B174DD691D17BD23001FF881 /* game.cpp in Sources */,
				B174DD781D17CE51001FF881 /* sprite.cpp in Sources */,
				B174DD721D17CB9B001FF881 /* globals.cpp in Sources */,
				B174DD6F1D17BD2C001FF881 /* input.cpp in Sources */,
				B174DD6C1D17BD28001FF881 /* graphics.cpp in Sources */,
			);
			runOnlyForDeploymentPostprocessing = 0;
		};
/* End PBXSourcesBuildPhase section */

/* Begin XCBuildConfiguration section */
		B174DD5D1D17BCD3001FF881 /* Debug */ = {
			isa = XCBuildConfiguration;
			buildSettings = {
				ALWAYS_SEARCH_USER_PATHS = NO;
				CLANG_ANALYZER_NONNULL = YES;
				CLANG_CXX_LANGUAGE_STANDARD = "gnu++0x";
				CLANG_CXX_LIBRARY = "libc++";
				CLANG_ENABLE_MODULES = YES;
				CLANG_ENABLE_OBJC_ARC = YES;
				CLANG_WARN_BOOL_CONVERSION = YES;
				CLANG_WARN_CONSTANT_CONVERSION = YES;
				CLANG_WARN_DIRECT_OBJC_ISA_USAGE = YES_ERROR;
				CLANG_WARN_EMPTY_BODY = YES;
				CLANG_WARN_ENUM_CONVERSION = YES;
				CLANG_WARN_INT_CONVERSION = YES;
				CLANG_WARN_OBJC_ROOT_CLASS = YES_ERROR;
				CLANG_WARN_UNREACHABLE_CODE = YES;
				CLANG_WARN__DUPLICATE_METHOD_MATCH = YES;
				CODE_SIGN_IDENTITY = "-";
				COPY_PHASE_STRIP = NO;
				DEBUG_INFORMATION_FORMAT = dwarf;
				ENABLE_STRICT_OBJC_MSGSEND = YES;
				ENABLE_TESTABILITY = YES;
				GCC_C_LANGUAGE_STANDARD = gnu99;
				GCC_DYNAMIC_NO_PIC = NO;
				GCC_NO_COMMON_BLOCKS = YES;
				GCC_OPTIMIZATION_LEVEL = 0;
				GCC_PREPROCESSOR_DEFINITIONS = (
					"DEBUG=1",
					"$(inherited)",
				);
				GCC_WARN_64_TO_32_BIT_CONVERSION = YES;
				GCC_WARN_ABOUT_RETURN_TYPE = YES_ERROR;
				GCC_WARN_UNDECLARED_SELECTOR = YES;
				GCC_WARN_UNINITIALIZED_AUTOS = YES_AGGRESSIVE;
				GCC_WARN_UNUSED_FUNCTION = YES;
				GCC_WARN_UNUSED_VARIABLE = YES;
				MACOSX_DEPLOYMENT_TARGET = 10.11;
				MTL_ENABLE_DEBUG_INFO = YES;
				ONLY_ACTIVE_ARCH = YES;
				SDKROOT = macosx;
			};
			name = Debug;
		};
		B174DD5E1D17BCD3001FF881 /* Release */ = {
			isa = XCBuildConfiguration;
			buildSettings = {
				ALWAYS_SEARCH_USER_PATHS = NO;
				CLANG_ANALYZER_NONNULL = YES;
				CLANG_CXX_LANGUAGE_STANDARD = "gnu++0x";
				CLANG_CXX_LIBRARY = "libc++";
				CLANG_ENABLE_MODULES = YES;
				CLANG_ENABLE_OBJC_ARC = YES;
				CLANG_WARN_BOOL_CONVERSION = YES;
				CLANG_WARN_CONSTANT_CONVERSION = YES;
				CLANG_WARN_DIRECT_OBJC_ISA_USAGE = YES_ERROR;
				CLANG_WARN_EMPTY_BODY = YES;
				CLANG_WARN_ENUM_CONVERSION = YES;
				CLANG_WARN_INT_CONVERSION = YES;
				CLANG_WARN_OBJC_ROOT_CLASS = YES_ERROR;
				CLANG_WARN_UNREACHABLE_CODE = YES;
				CLANG_WARN__DUPLICATE_METHOD_MATCH = YES;
				CODE_SIGN_IDENTITY = "-";
				COPY_PHASE_STRIP = NO;
				DEBUG_INFORMATION_FORMAT = "dwarf-with-dsym";
				ENABLE_NS_ASSERTIONS = NO;
				ENABLE_STRICT_OBJC_MSGSEND = YES;
				GCC_C_LANGUAGE_STANDARD = gnu99;
				GCC_NO_COMMON_BLOCKS = YES;
				GCC_WARN_64_TO_32_BIT_CONVERSION = YES;
				GCC_WARN_ABOUT_RETURN_TYPE = YES_ERROR;
				GCC_WARN_UNDECLARED_SELECTOR = YES;
				GCC_WARN_UNINITIALIZED_AUTOS = YES_AGGRESSIVE;
				GCC_WARN_UNUSED_FUNCTION = YES;
				GCC_WARN_UNUSED_VARIABLE = YES;
				MACOSX_DEPLOYMENT_TARGET = 10.11;
				MTL_ENABLE_DEBUG_INFO = NO;
				SDKROOT = macosx;
			};
			name = Release;
		};
		B174DD601D17BCD3001FF881 /* Debug */ = {
			isa = XCBuildConfiguration;
			buildSettings = {
				FRAMEWORK_SEARCH_PATHS = (
					"$(inherited)",
					"$(USER_LIBRARY_DIR)/Frameworks",
				);
				PRODUCT_NAME = "$(TARGET_NAME)";
			};
			name = Debug;
		};
		B174DD611D17BCD3001FF881 /* Release */ = {
			isa = XCBuildConfiguration;
			buildSettings = {
				FRAMEWORK_SEARCH_PATHS = (
					"$(inherited)",
					"$(USER_LIBRARY_DIR)/Frameworks",
				);
				PRODUCT_NAME = "$(TARGET_NAME)";
			};
			name = Release;
		};
/* End XCBuildConfiguration section */

/* Begin XCConfigurationList section */
		B174DD531D17BCD3001FF881 /* Build configuration list for PBXProject "Tinker2D" */ = {
			isa = XCConfigurationList;
			buildConfigurations = (
				B174DD5D1D17BCD3001FF881 /* Debug */,
				B174DD5E1D17BCD3001FF881 /* Release */,
			);
			defaultConfigurationIsVisible = 0;
			defaultConfigurationName = Release;
		};
		B174DD5F1D17BCD3001FF881 /* Build configuration list for PBXNativeTarget "Tinker2D" */ = {
			isa = XCConfigurationList;
			buildConfigurations = (
				B174DD601D17BCD3001FF881 /* Debug */,
				B174DD611D17BCD3001FF881 /* Release */,
			);
			defaultConfigurationIsVisible = 0;
		};
/* End XCConfigurationList section */
	};
	rootObject = B174DD501D17BCD3001FF881 /* Project object */;
}
